
Microsoft Visual Studio Solution File, Format Version 12.00
# Visual Studio Version 16
VisualStudioVersion = 16.0.30114.105
MinimumVisualStudioVersion = 10.0.40219.1
Project("{9A19103F-16F7-4668-BE54-9A1E7A4F7556}") = "store car web project with translate", "store car web project with translate.csproj", "{C0C627C6-FDA5-4629-A479-2D66214A7A15}"
EndProject
Global
	GlobalSection(SolutionConfigurationPlatforms) = preSolution
		Debug|Any CPU = Debug|Any CPU
		Release|Any CPU = Release|Any CPU
	EndGlobalSection
	GlobalSection(ProjectConfigurationPlatforms) = postSolution
		{C0C627C6-FDA5-4629-A479-2D66214A7A15}.Debug|Any CPU.ActiveCfg = Debug|Any CPU
		{C0C627C6-FDA5-4629-A479-2D66214A7A15}.Debug|Any CPU.Build.0 = Debug|Any CPU
		{C0C627C6-FDA5-4629-A479-2D66214A7A15}.Release|Any CPU.ActiveCfg = Release|Any CPU
		{C0C627C6-FDA5-4629-A479-2D66214A7A15}.Release|Any CPU.Build.0 = Release|Any CPU
	EndGlobalSection
	GlobalSection(SolutionProperties) = preSolution
		HideSolutionNode = FALSE
	EndGlobalSection
	GlobalSection(ExtensibilityGlobals) = postSolution
		SolutionGuid = {B4469770-CEF7-43CA-92B9-EC0C74C63998}
	EndGlobalSection
EndGlobal
